// !$*UTF8*$!
{
	archiveVersion = 1;
	classes = {
	};
	objectVersion = 46;
	objects = {

/* Begin PBXBuildFile section */
		EFE9141E1F0560C300CE2081 /* AppDelegate.swift in Sources */ = {isa = PBXBuildFile; fileRef = EFE9141D1F0560C300CE2081 /* AppDelegate.swift */; };
		EFE914201F0560C300CE2081 /* ViewController.swift in Sources */ = {isa = PBXBuildFile; fileRef = EFE9141F1F0560C300CE2081 /* ViewController.swift */; };
		EFE914231F0560C300CE2081 /* Main.storyboard in Resources */ = {isa = PBXBuildFile; fileRef = EFE914211F0560C300CE2081 /* Main.storyboard */; };
		EFE914261F0560C300CE2081 /* Person_UI.xcdatamodeld in Sources */ = {isa = PBXBuildFile; fileRef = EFE914241F0560C300CE2081 /* Person_UI.xcdatamodeld */; };
		EFE914281F0560C300CE2081 /* Assets.xcassets in Resources */ = {isa = PBXBuildFile; fileRef = EFE914271F0560C300CE2081 /* Assets.xcassets */; };
		EFE9142B1F0560C300CE2081 /* LaunchScreen.storyboard in Resources */ = {isa = PBXBuildFile; fileRef = EFE914291F0560C300CE2081 /* LaunchScreen.storyboard */; };
		EFE914361F0560C300CE2081 /* Person_UITests.swift in Sources */ = {isa = PBXBuildFile; fileRef = EFE914351F0560C300CE2081 /* Person_UITests.swift */; };
		EFE914411F0560C300CE2081 /* Person_UIUITests.swift in Sources */ = {isa = PBXBuildFile; fileRef = EFE914401F0560C300CE2081 /* Person_UIUITests.swift */; };
/* End PBXBuildFile section */

/* Begin PBXContainerItemProxy section */
		EFE914321F0560C300CE2081 /* PBXContainerItemProxy */ = {
			isa = PBXContainerItemProxy;
			containerPortal = EFE914121F0560C300CE2081 /* Project object */;
			proxyType = 1;
			remoteGlobalIDString = EFE914191F0560C300CE2081;
			remoteInfo = "Person UI";
		};
		EFE9143D1F0560C300CE2081 /* PBXContainerItemProxy */ = {
			isa = PBXContainerItemProxy;
			containerPortal = EFE914121F0560C300CE2081 /* Project object */;
			proxyType = 1;
			remoteGlobalIDString = EFE914191F0560C300CE2081;
			remoteInfo = "Person UI";
		};
/* End PBXContainerItemProxy section */

/* Begin PBXFileReference section */
		EFE9141A1F0560C300CE2081 /* Person UI.app */ = {isa = PBXFileReference; explicitFileType = wrapper.application; includeInIndex = 0; path = "Person UI.app"; sourceTree = BUILT_PRODUCTS_DIR; };
		EFE9141D1F0560C300CE2081 /* AppDelegate.swift */ = {isa = PBXFileReference; lastKnownFileType = sourcecode.swift; path = AppDelegate.swift; sourceTree = "<group>"; };
		EFE9141F1F0560C300CE2081 /* ViewController.swift */ = {isa = PBXFileReference; lastKnownFileType = sourcecode.swift; path = ViewController.swift; sourceTree = "<group>"; };
		EFE914221F0560C300CE2081 /* Base */ = {isa = PBXFileReference; lastKnownFileType = file.storyboard; name = Base; path = Base.lproj/Main.storyboard; sourceTree = "<group>"; };
		EFE914251F0560C300CE2081 /* Person_UI.xcdatamodel */ = {isa = PBXFileReference; lastKnownFileType = wrapper.xcdatamodel; path = Person_UI.xcdatamodel; sourceTree = "<group>"; };
		EFE914271F0560C300CE2081 /* Assets.xcassets */ = {isa = PBXFileReference; lastKnownFileType = folder.assetcatalog; path = Assets.xcassets; sourceTree = "<group>"; };
		EFE9142A1F0560C300CE2081 /* Base */ = {isa = PBXFileReference; lastKnownFileType = file.storyboard; name = Base; path = Base.lproj/LaunchScreen.storyboard; sourceTree = "<group>"; };
		EFE9142C1F0560C300CE2081 /* Info.plist */ = {isa = PBXFileReference; lastKnownFileType = text.plist.xml; path = Info.plist; sourceTree = "<group>"; };
		EFE914311F0560C300CE2081 /* Person UITests.xctest */ = {isa = PBXFileReference; explicitFileType = wrapper.cfbundle; includeInIndex = 0; path = "Person UITests.xctest"; sourceTree = BUILT_PRODUCTS_DIR; };
		EFE914351F0560C300CE2081 /* Person_UITests.swift */ = {isa = PBXFileReference; lastKnownFileType = sourcecode.swift; path = Person_UITests.swift; sourceTree = "<group>"; };
		EFE914371F0560C300CE2081 /* Info.plist */ = {isa = PBXFileReference; lastKnownFileType = text.plist.xml; path = Info.plist; sourceTree = "<group>"; };
		EFE9143C1F0560C300CE2081 /* Person UIUITests.xctest */ = {isa = PBXFileReference; explicitFileType = wrapper.cfbundle; includeInIndex = 0; path = "Person UIUITests.xctest"; sourceTree = BUILT_PRODUCTS_DIR; };
		EFE914401F0560C300CE2081 /* Person_UIUITests.swift */ = {isa = PBXFileReference; lastKnownFileType = sourcecode.swift; path = Person_UIUITests.swift; sourceTree = "<group>"; };
		EFE914421F0560C300CE2081 /* Info.plist */ = {isa = PBXFileReference; lastKnownFileType = text.plist.xml; path = Info.plist; sourceTree = "<group>"; };
/* End PBXFileReference section */

/* Begin PBXFrameworksBuildPhase section */
		EFE914171F0560C300CE2081 /* Frameworks */ = {
			isa = PBXFrameworksBuildPhase;
			buildActionMask = 2147483647;
			files = (
			);
			runOnlyForDeploymentPostprocessing = 0;
		};
		EFE9142E1F0560C300CE2081 /* Frameworks */ = {
			isa = PBXFrameworksBuildPhase;
			buildActionMask = 2147483647;
			files = (
			);
			runOnlyForDeploymentPostprocessing = 0;
		};
		EFE914391F0560C300CE2081 /* Frameworks */ = {
			isa = PBXFrameworksBuildPhase;
			buildActionMask = 2147483647;
			files = (
			);
			runOnlyForDeploymentPostprocessing = 0;
		};
/* End PBXFrameworksBuildPhase section */

/* Begin PBXGroup section */
		EFE914111F0560C300CE2081 = {
			isa = PBXGroup;
			children = (
				EFE9141C1F0560C300CE2081 /* Person UI */,
				EFE914341F0560C300CE2081 /* Person UITests */,
				EFE9143F1F0560C300CE2081 /* Person UIUITests */,
				EFE9141B1F0560C300CE2081 /* Products */,
			);
			sourceTree = "<group>";
		};
		EFE9141B1F0560C300CE2081 /* Products */ = {
			isa = PBXGroup;
			children = (
				EFE9141A1F0560C300CE2081 /* Person UI.app */,
				EFE914311F0560C300CE2081 /* Person UITests.xctest */,
				EFE9143C1F0560C300CE2081 /* Person UIUITests.xctest */,
			);
			name = Products;
			sourceTree = "<group>";
		};
		EFE9141C1F0560C300CE2081 /* Person UI */ = {
			isa = PBXGroup;
			children = (
				EFE9141D1F0560C300CE2081 /* AppDelegate.swift */,
				EFE9141F1F0560C300CE2081 /* ViewController.swift */,
				EFE914211F0560C300CE2081 /* Main.storyboard */,
				EFE914271F0560C300CE2081 /* Assets.xcassets */,
				EFE914291F0560C300CE2081 /* LaunchScreen.storyboard */,
				EFE9142C1F0560C300CE2081 /* Info.plist */,
				EFE914241F0560C300CE2081 /* Person_UI.xcdatamodeld */,
			);
			path = "Person UI";
			sourceTree = "<group>";
		};
		EFE914341F0560C300CE2081 /* Person UITests */ = {
			isa = PBXGroup;
			children = (
				EFE914351F0560C300CE2081 /* Person_UITests.swift */,
				EFE914371F0560C300CE2081 /* Info.plist */,
			);
			path = "Person UITests";
			sourceTree = "<group>";
		};
		EFE9143F1F0560C300CE2081 /* Person UIUITests */ = {
			isa = PBXGroup;
			children = (
				EFE914401F0560C300CE2081 /* Person_UIUITests.swift */,
				EFE914421F0560C300CE2081 /* Info.plist */,
			);
			path = "Person UIUITests";
			sourceTree = "<group>";
		};
/* End PBXGroup section */

/* Begin PBXNativeTarget section */
		EFE914191F0560C300CE2081 /* Person UI */ = {
			isa = PBXNativeTarget;
			buildConfigurationList = EFE914451F0560C300CE2081 /* Build configuration list for PBXNativeTarget "Person UI" */;
			buildPhases = (
				EFE914161F0560C300CE2081 /* Sources */,
				EFE914171F0560C300CE2081 /* Frameworks */,
				EFE914181F0560C300CE2081 /* Resources */,
			);
			buildRules = (
			);
			dependencies = (
			);
			name = "Person UI";
			productName = "Person UI";
			productReference = EFE9141A1F0560C300CE2081 /* Person UI.app */;
			productType = "com.apple.product-type.application";
		};
		EFE914301F0560C300CE2081 /* Person UITests */ = {
			isa = PBXNativeTarget;
			buildConfigurationList = EFE914481F0560C300CE2081 /* Build configuration list for PBXNativeTarget "Person UITests" */;
			buildPhases = (
				EFE9142D1F0560C300CE2081 /* Sources */,
				EFE9142E1F0560C300CE2081 /* Frameworks */,
				EFE9142F1F0560C300CE2081 /* Resources */,
			);
			buildRules = (
			);
			dependencies = (
				EFE914331F0560C300CE2081 /* PBXTargetDependency */,
			);
			name = "Person UITests";
			productName = "Person UITests";
			productReference = EFE914311F0560C300CE2081 /* Person UITests.xctest */;
			productType = "com.apple.product-type.bundle.unit-test";
		};
		EFE9143B1F0560C300CE2081 /* Person UIUITests */ = {
			isa = PBXNativeTarget;
			buildConfigurationList = EFE9144B1F0560C300CE2081 /* Build configuration list for PBXNativeTarget "Person UIUITests" */;
			buildPhases = (
				EFE914381F0560C300CE2081 /* Sources */,
				EFE914391F0560C300CE2081 /* Frameworks */,
				EFE9143A1F0560C300CE2081 /* Resources */,
			);
			buildRules = (
			);
			dependencies = (
				EFE9143E1F0560C300CE2081 /* PBXTargetDependency */,
			);
			name = "Person UIUITests";
			productName = "Person UIUITests";
			productReference = EFE9143C1F0560C300CE2081 /* Person UIUITests.xctest */;
			productType = "com.apple.product-type.bundle.ui-testing";
		};
/* End PBXNativeTarget section */

/* Begin PBXProject section */
		EFE914121F0560C300CE2081 /* Project object */ = {
			isa = PBXProject;
			attributes = {
				LastSwiftUpdateCheck = 0830;
				LastUpgradeCheck = 0830;
				ORGANIZATIONNAME = JakobDaugherty;
				TargetAttributes = {
					EFE914191F0560C300CE2081 = {
						CreatedOnToolsVersion = 8.3;
						DevelopmentTeam = FEE4M8V5W9;
						ProvisioningStyle = Automatic;
					};
					EFE914301F0560C300CE2081 = {
						CreatedOnToolsVersion = 8.3;
						DevelopmentTeam = FEE4M8V5W9;
						ProvisioningStyle = Automatic;
						TestTargetID = EFE914191F0560C300CE2081;
					};
					EFE9143B1F0560C300CE2081 = {
						CreatedOnToolsVersion = 8.3;
						DevelopmentTeam = FEE4M8V5W9;
						ProvisioningStyle = Automatic;
						TestTargetID = EFE914191F0560C300CE2081;
					};
				};
			};
			buildConfigurationList = EFE914151F0560C300CE2081 /* Build configuration list for PBXProject "Person UI" */;
			compatibilityVersion = "Xcode 3.2";
			developmentRegion = English;
			hasScannedForEncodings = 0;
			knownRegions = (
				en,
				Base,
			);
			mainGroup = EFE914111F0560C300CE2081;
			productRefGroup = EFE9141B1F0560C300CE2081 /* Products */;
			projectDirPath = "";
			projectRoot = "";
			targets = (
				EFE914191F0560C300CE2081 /* Person UI */,
				EFE914301F0560C300CE2081 /* Person UITests */,
				EFE9143B1F0560C300CE2081 /* Person UIUITests */,
			);
		};
/* End PBXProject section */

/* Begin PBXResourcesBuildPhase section */
		EFE914181F0560C300CE2081 /* Resources */ = {
			isa = PBXResourcesBuildPhase;
			buildActionMask = 2147483647;
			files = (
				EFE9142B1F0560C300CE2081 /* LaunchScreen.storyboard in Resources */,
				EFE914281F0560C300CE2081 /* Assets.xcassets in Resources */,
				EFE914231F0560C300CE2081 /* Main.storyboard in Resources */,
			);
			runOnlyForDeploymentPostprocessing = 0;
		};
		EFE9142F1F0560C300CE2081 /* Resources */ = {
			isa = PBXResourcesBuildPhase;
			buildActionMask = 2147483647;
			files = (
			);
			runOnlyForDeploymentPostprocessing = 0;
		};
		EFE9143A1F0560C300CE2081 /* Resources */ = {
			isa = PBXResourcesBuildPhase;
			buildActionMask = 2147483647;
			files = (
			);
			runOnlyForDeploymentPostprocessing = 0;
		};
/* End PBXResourcesBuildPhase section */

/* Begin PBXSourcesBuildPhase section */
		EFE914161F0560C300CE2081 /* Sources */ = {
			isa = PBXSourcesBuildPhase;
			buildActionMask = 2147483647;
			files = (
				EFE914261F0560C300CE2081 /* Person_UI.xcdatamodeld in Sources */,
				EFE914201F0560C300CE2081 /* ViewController.swift in Sources */,
				EFE9141E1F0560C300CE2081 /* AppDelegate.swift in Sources */,
			);
			runOnlyForDeploymentPostprocessing = 0;
		};
		EFE9142D1F0560C300CE2081 /* Sources */ = {
			isa = PBXSourcesBuildPhase;
			buildActionMask = 2147483647;
			files = (
				EFE914361F0560C300CE2081 /* Person_UITests.swift in Sources */,
			);
			runOnlyForDeploymentPostprocessing = 0;
		};
		EFE914381F0560C300CE2081 /* Sources */ = {
			isa = PBXSourcesBuildPhase;
			buildActionMask = 2147483647;
			files = (
				EFE914411F0560C300CE2081 /* Person_UIUITests.swift in Sources */,
			);
			runOnlyForDeploymentPostprocessing = 0;
		};
/* End PBXSourcesBuildPhase section */

/* Begin PBXTargetDependency section */
		EFE914331F0560C300CE2081 /* PBXTargetDependency */ = {
			isa = PBXTargetDependency;
			target = EFE914191F0560C300CE2081 /* Person UI */;
			targetProxy = EFE914321F0560C300CE2081 /* PBXContainerItemProxy */;
		};
		EFE9143E1F0560C300CE2081 /* PBXTargetDependency */ = {
			isa = PBXTargetDependency;
			target = EFE914191F0560C300CE2081 /* Person UI */;
			targetProxy = EFE9143D1F0560C300CE2081 /* PBXContainerItemProxy */;
		};
/* End PBXTargetDependency section */

/* Begin PBXVariantGroup section */
		EFE914211F0560C300CE2081 /* Main.storyboard */ = {
			isa = PBXVariantGroup;
			children = (
				EFE914221F0560C300CE2081 /* Base */,
			);
			name = Main.storyboard;
			sourceTree = "<group>";
		};
		EFE914291F0560C300CE2081 /* LaunchScreen.storyboard */ = {
			isa = PBXVariantGroup;
			children = (
				EFE9142A1F0560C300CE2081 /* Base */,
			);
			name = LaunchScreen.storyboard;
			sourceTree = "<group>";
		};
/* End PBXVariantGroup section */

/* Begin XCBuildConfiguration section */
		EFE914431F0560C300CE2081 /* Debug */ = {
			isa = XCBuildConfiguration;
			buildSettings = {
				ALWAYS_SEARCH_USER_PATHS = NO;
				CLANG_ANALYZER_NONNULL = YES;
				CLANG_ANALYZER_NUMBER_OBJECT_CONVERSION = YES_AGGRESSIVE;
				CLANG_CXX_LANGUAGE_STANDARD = "gnu++0x";
				CLANG_CXX_LIBRARY = "libc++";
				CLANG_ENABLE_MODULES = YES;
				CLANG_ENABLE_OBJC_ARC = YES;
				CLANG_WARN_BOOL_CONVERSION = YES;
				CLANG_WARN_CONSTANT_CONVERSION = YES;
				CLANG_WARN_DIRECT_OBJC_ISA_USAGE = YES_ERROR;
				CLANG_WARN_DOCUMENTATION_COMMENTS = YES;
				CLANG_WARN_EMPTY_BODY = YES;
				CLANG_WARN_ENUM_CONVERSION = YES;
				CLANG_WARN_INFINITE_RECURSION = YES;
				CLANG_WARN_INT_CONVERSION = YES;
				CLANG_WARN_OBJC_ROOT_CLASS = YES_ERROR;
				CLANG_WARN_SUSPICIOUS_MOVE = YES;
				CLANG_WARN_UNREACHABLE_CODE = YES;
				CLANG_WARN__DUPLICATE_METHOD_MATCH = YES;
				"CODE_SIGN_IDENTITY[sdk=iphoneos*]" = "iPhone Developer";
				COPY_PHASE_STRIP = NO;
				DEBUG_INFORMATION_FORMAT = dwarf;
				ENABLE_STRICT_OBJC_MSGSEND = YES;
				ENABLE_TESTABILITY = YES;
				GCC_C_LANGUAGE_STANDARD = gnu99;
				GCC_DYNAMIC_NO_PIC = NO;
				GCC_NO_COMMON_BLOCKS = YES;
				GCC_OPTIMIZATION_LEVEL = 0;
				GCC_PREPROCESSOR_DEFINITIONS = (
					"DEBUG=1",
					"$(inherited)",
				);
				GCC_WARN_64_TO_32_BIT_CONVERSION = YES;
				GCC_WARN_ABOUT_RETURN_TYPE = YES_ERROR;
				GCC_WARN_UNDECLARED_SELECTOR = YES;
				GCC_WARN_UNINITIALIZED_AUTOS = YES_AGGRESSIVE;
				GCC_WARN_UNUSED_FUNCTION = YES;
				GCC_WARN_UNUSED_VARIABLE = YES;
				IPHONEOS_DEPLOYMENT_TARGET = 10.3;
				MTL_ENABLE_DEBUG_INFO = YES;
				ONLY_ACTIVE_ARCH = YES;
				SDKROOT = iphoneos;
				SWIFT_ACTIVE_COMPILATION_CONDITIONS = DEBUG;
				SWIFT_OPTIMIZATION_LEVEL = "-Onone";
				TARGETED_DEVICE_FAMILY = "1,2";
			};
			name = Debug;
		};
		EFE914441F0560C300CE2081 /* Release */ = {
			isa = XCBuildConfiguration;
			buildSettings = {
				ALWAYS_SEARCH_USER_PATHS = NO;
				CLANG_ANALYZER_NONNULL = YES;
				CLANG_ANALYZER_NUMBER_OBJECT_CONVERSION = YES_AGGRESSIVE;
				CLANG_CXX_LANGUAGE_STANDARD = "gnu++0x";
				CLANG_CXX_LIBRARY = "libc++";
				CLANG_ENABLE_MODULES = YES;
				CLANG_ENABLE_OBJC_ARC = YES;
				CLANG_WARN_BOOL_CONVERSION = YES;
				CLANG_WARN_CONSTANT_CONVERSION = YES;
				CLANG_WARN_DIRECT_OBJC_ISA_USAGE = YES_ERROR;
				CLANG_WARN_DOCUMENTATION_COMMENTS = YES;
				CLANG_WARN_EMPTY_BODY = YES;
				CLANG_WARN_ENUM_CONVERSION = YES;
				CLANG_WARN_INFINITE_RECURSION = YES;
				CLANG_WARN_INT_CONVERSION = YES;
				CLANG_WARN_OBJC_ROOT_CLASS = YES_ERROR;
				CLANG_WARN_SUSPICIOUS_MOVE = YES;
				CLANG_WARN_UNREACHABLE_CODE = YES;
				CLANG_WARN__DUPLICATE_METHOD_MATCH = YES;
				"CODE_SIGN_IDENTITY[sdk=iphoneos*]" = "iPhone Developer";
				COPY_PHASE_STRIP = NO;
				DEBUG_INFORMATION_FORMAT = "dwarf-with-dsym";
				ENABLE_NS_ASSERTIONS = NO;
				ENABLE_STRICT_OBJC_MSGSEND = YES;
				GCC_C_LANGUAGE_STANDARD = gnu99;
				GCC_NO_COMMON_BLOCKS = YES;
				GCC_WARN_64_TO_32_BIT_CONVERSION = YES;
				GCC_WARN_ABOUT_RETURN_TYPE = YES_ERROR;
				GCC_WARN_UNDECLARED_SELECTOR = YES;
				GCC_WARN_UNINITIALIZED_AUTOS = YES_AGGRESSIVE;
				GCC_WARN_UNUSED_FUNCTION = YES;
				GCC_WARN_UNUSED_VARIABLE = YES;
				IPHONEOS_DEPLOYMENT_TARGET = 10.3;
				MTL_ENABLE_DEBUG_INFO = NO;
				SDKROOT = iphoneos;
				SWIFT_OPTIMIZATION_LEVEL = "-Owholemodule";
				TARGETED_DEVICE_FAMILY = "1,2";
				VALIDATE_PRODUCT = YES;
			};
			name = Release;
		};
		EFE914461F0560C300CE2081 /* Debug */ = {
			isa = XCBuildConfiguration;
			buildSettings = {
				ASSETCATALOG_COMPILER_APPICON_NAME = AppIcon;
				DEVELOPMENT_TEAM = FEE4M8V5W9;
				INFOPLIST_FILE = "Person UI/Info.plist";
				LD_RUNPATH_SEARCH_PATHS = "$(inherited) @executable_path/Frameworks";
				PRODUCT_BUNDLE_IDENTIFIER = "edu.missouri.Person-UI";
				PRODUCT_NAME = "$(TARGET_NAME)";
				SWIFT_VERSION = 3.0;
			};
			name = Debug;
		};
		EFE914471F0560C300CE2081 /* Release */ = {
			isa = XCBuildConfiguration;
			buildSettings = {
				ASSETCATALOG_COMPILER_APPICON_NAME = AppIcon;
				DEVELOPMENT_TEAM = FEE4M8V5W9;
				INFOPLIST_FILE = "Person UI/Info.plist";
				LD_RUNPATH_SEARCH_PATHS = "$(inherited) @executable_path/Frameworks";
				PRODUCT_BUNDLE_IDENTIFIER = "edu.missouri.Person-UI";
				PRODUCT_NAME = "$(TARGET_NAME)";
				SWIFT_VERSION = 3.0;
			};
			name = Release;
		};
		EFE914491F0560C300CE2081 /* Debug */ = {
			isa = XCBuildConfiguration;
			buildSettings = {
				ALWAYS_EMBED_SWIFT_STANDARD_LIBRARIES = YES;
				BUNDLE_LOADER = "$(TEST_HOST)";
				DEVELOPMENT_TEAM = FEE4M8V5W9;
				INFOPLIST_FILE = "Person UITests/Info.plist";
				LD_RUNPATH_SEARCH_PATHS = "$(inherited) @executable_path/Frameworks @loader_path/Frameworks";
				PRODUCT_BUNDLE_IDENTIFIER = "edu.missouri.Person-UITests";
				PRODUCT_NAME = "$(TARGET_NAME)";
				SWIFT_VERSION = 3.0;
				TEST_HOST = "$(BUILT_PRODUCTS_DIR)/Person UI.app/Person UI";
			};
			name = Debug;
		};
		EFE9144A1F0560C300CE2081 /* Release */ = {
			isa = XCBuildConfiguration;
			buildSettings = {
				ALWAYS_EMBED_SWIFT_STANDARD_LIBRARIES = YES;
				BUNDLE_LOADER = "$(TEST_HOST)";
				DEVELOPMENT_TEAM = FEE4M8V5W9;
				INFOPLIST_FILE = "Person UITests/Info.plist";
				LD_RUNPATH_SEARCH_PATHS = "$(inherited) @executable_path/Frameworks @loader_path/Frameworks";
				PRODUCT_BUNDLE_IDENTIFIER = "edu.missouri.Person-UITests";
				PRODUCT_NAME = "$(TARGET_NAME)";
				SWIFT_VERSION = 3.0;
				TEST_HOST = "$(BUILT_PRODUCTS_DIR)/Person UI.app/Person UI";
			};
			name = Release;
		};
		EFE9144C1F0560C300CE2081 /* Debug */ = {
			isa = XCBuildConfiguration;
			buildSettings = {
				ALWAYS_EMBED_SWIFT_STANDARD_LIBRARIES = YES;
				DEVELOPMENT_TEAM = FEE4M8V5W9;
				INFOPLIST_FILE = "Person UIUITests/Info.plist";
				LD_RUNPATH_SEARCH_PATHS = "$(inherited) @executable_path/Frameworks @loader_path/Frameworks";
				PRODUCT_BUNDLE_IDENTIFIER = "edu.missouri.Person-UIUITests";
				PRODUCT_NAME = "$(TARGET_NAME)";
				SWIFT_VERSION = 3.0;
				TEST_TARGET_NAME = "Person UI";
			};
			name = Debug;
		};
		EFE9144D1F0560C300CE2081 /* Release */ = {
			isa = XCBuildConfiguration;
			buildSettings = {
				ALWAYS_EMBED_SWIFT_STANDARD_LIBRARIES = YES;
				DEVELOPMENT_TEAM = FEE4M8V5W9;
				INFOPLIST_FILE = "Person UIUITests/Info.plist";
				LD_RUNPATH_SEARCH_PATHS = "$(inherited) @executable_path/Frameworks @loader_path/Frameworks";
				PRODUCT_BUNDLE_IDENTIFIER = "edu.missouri.Person-UIUITests";
				PRODUCT_NAME = "$(TARGET_NAME)";
				SWIFT_VERSION = 3.0;
				TEST_TARGET_NAME = "Person UI";
			};
			name = Release;
		};
/* End XCBuildConfiguration section */

/* Begin XCConfigurationList section */
		EFE914151F0560C300CE2081 /* Build configuration list for PBXProject "Person UI" */ = {
			isa = XCConfigurationList;
			buildConfigurations = (
				EFE914431F0560C300CE2081 /* Debug */,
				EFE914441F0560C300CE2081 /* Release */,
			);
			defaultConfigurationIsVisible = 0;
			defaultConfigurationName = Release;
		};
		EFE914451F0560C300CE2081 /* Build configuration list for PBXNativeTarget "Person UI" */ = {
			isa = XCConfigurationList;
			buildConfigurations = (
				EFE914461F0560C300CE2081 /* Debug */,
				EFE914471F0560C300CE2081 /* Release */,
			);
			defaultConfigurationIsVisible = 0;
		};
		EFE914481F0560C300CE2081 /* Build configuration list for PBXNativeTarget "Person UITests" */ = {
			isa = XCConfigurationList;
			buildConfigurations = (
				EFE914491F0560C300CE2081 /* Debug */,
				EFE9144A1F0560C300CE2081 /* Release */,
			);
			defaultConfigurationIsVisible = 0;
		};
		EFE9144B1F0560C300CE2081 /* Build configuration list for PBXNativeTarget "Person UIUITests" */ = {
			isa = XCConfigurationList;
			buildConfigurations = (
				EFE9144C1F0560C300CE2081 /* Debug */,
				EFE9144D1F0560C300CE2081 /* Release */,
			);
			defaultConfigurationIsVisible = 0;
		};
/* End XCConfigurationList section */

/* Begin XCVersionGroup section */
		EFE914241F0560C300CE2081 /* Person_UI.xcdatamodeld */ = {
			isa = XCVersionGroup;
			children = (
				EFE914251F0560C300CE2081 /* Person_UI.xcdatamodel */,
			);
			currentVersion = EFE914251F0560C300CE2081 /* Person_UI.xcdatamodel */;
			path = Person_UI.xcdatamodeld;
			sourceTree = "<group>";
			versionGroupType = wrapper.xcdatamodel;
		};
/* End XCVersionGroup section */
	};
	rootObject = EFE914121F0560C300CE2081 /* Project object */;
}
